
Microsoft Visual Studio Solution File, Format Version 12.00
# Visual Studio Version 17
VisualStudioVersion = 17.14.36221.1 d17.14
MinimumVisualStudioVersion = 10.0.40219.1
Project("{9A19103F-16F7-4668-BE54-9A1E7A4F7556}") = "SpaghettiCh2", "SpaghettiCh2\SpaghettiCh2.csproj", "{90B85818-1A1B-4692-B198-77FA153A123F}"
EndProject
Project("{2150E333-8FDC-42A3-9474-1A3956D46DE8}") = "Solution Items", "Solution Items", "{434C6C65-75CD-4AB1-A67E-7B8218890802}"
	ProjectSection(SolutionItems) = preProject
		.editorconfig = .editorconfig
	EndProjectSection
EndProject
Project("{FAE04EC0-301F-11D3-BF4B-00C04F79EFBC}") = "UndertaleModLib", "UndertaleModTool\UndertaleModLib\UndertaleModLib.csproj", "{3E1FBADF-4C64-D01C-7F2D-01009E3B0CBB}"
EndProject
Project("{FAE04EC0-301F-11D3-BF4B-00C04F79EFBC}") = "Underanalyzer", "UndertaleModTool\Underanalyzer\Underanalyzer\Underanalyzer.csproj", "{69A5B990-A618-48D4-D9D3-5A9F093BDCEE}"
EndProject
Global
	GlobalSection(SolutionConfigurationPlatforms) = preSolution
		Debug|Any CPU = Debug|Any CPU
		Debug|x64 = Debug|x64
		Release|Any CPU = Release|Any CPU
		Release|x64 = Release|x64
	EndGlobalSection
	GlobalSection(ProjectConfigurationPlatforms) = postSolution
		{90B85818-1A1B-4692-B198-77FA153A123F}.Debug|Any CPU.ActiveCfg = Debug|Any CPU
		{90B85818-1A1B-4692-B198-77FA153A123F}.Debug|Any CPU.Build.0 = Debug|Any CPU
		{90B85818-1A1B-4692-B198-77FA153A123F}.Debug|x64.ActiveCfg = Debug|Any CPU
		{90B85818-1A1B-4692-B198-77FA153A123F}.Debug|x64.Build.0 = Debug|Any CPU
		{90B85818-1A1B-4692-B198-77FA153A123F}.Release|Any CPU.ActiveCfg = Release|Any CPU
		{90B85818-1A1B-4692-B198-77FA153A123F}.Release|Any CPU.Build.0 = Release|Any CPU
		{90B85818-1A1B-4692-B198-77FA153A123F}.Release|x64.ActiveCfg = Release|Any CPU
		{90B85818-1A1B-4692-B198-77FA153A123F}.Release|x64.Build.0 = Release|Any CPU
		{3E1FBADF-4C64-D01C-7F2D-01009E3B0CBB}.Debug|Any CPU.ActiveCfg = Debug|Any CPU
		{3E1FBADF-4C64-D01C-7F2D-01009E3B0CBB}.Debug|Any CPU.Build.0 = Debug|Any CPU
		{3E1FBADF-4C64-D01C-7F2D-01009E3B0CBB}.Debug|x64.ActiveCfg = Debug|x64
		{3E1FBADF-4C64-D01C-7F2D-01009E3B0CBB}.Debug|x64.Build.0 = Debug|x64
		{3E1FBADF-4C64-D01C-7F2D-01009E3B0CBB}.Release|Any CPU.ActiveCfg = Release|Any CPU
		{3E1FBADF-4C64-D01C-7F2D-01009E3B0CBB}.Release|Any CPU.Build.0 = Release|Any CPU
		{3E1FBADF-4C64-D01C-7F2D-01009E3B0CBB}.Release|x64.ActiveCfg = Release|x64
		{3E1FBADF-4C64-D01C-7F2D-01009E3B0CBB}.Release|x64.Build.0 = Release|x64
		{69A5B990-A618-48D4-D9D3-5A9F093BDCEE}.Debug|Any CPU.ActiveCfg = Debug|Any CPU
		{69A5B990-A618-48D4-D9D3-5A9F093BDCEE}.Debug|Any CPU.Build.0 = Debug|Any CPU
		{69A5B990-A618-48D4-D9D3-5A9F093BDCEE}.Debug|x64.ActiveCfg = Debug|Any CPU
		{69A5B990-A618-48D4-D9D3-5A9F093BDCEE}.Debug|x64.Build.0 = Debug|Any CPU
		{69A5B990-A618-48D4-D9D3-5A9F093BDCEE}.Release|Any CPU.ActiveCfg = Release|Any CPU
		{69A5B990-A618-48D4-D9D3-5A9F093BDCEE}.Release|Any CPU.Build.0 = Release|Any CPU
		{69A5B990-A618-48D4-D9D3-5A9F093BDCEE}.Release|x64.ActiveCfg = Release|Any CPU
		{69A5B990-A618-48D4-D9D3-5A9F093BDCEE}.Release|x64.Build.0 = Release|Any CPU
	EndGlobalSection
	GlobalSection(SolutionProperties) = preSolution
		HideSolutionNode = FALSE
	EndGlobalSection
	GlobalSection(ExtensibilityGlobals) = postSolution
		SolutionGuid = {843861AB-B9A6-451A-8896-457AF1CF666A}
	EndGlobalSection
EndGlobal
